
Microsoft Visual Studio Solution File, Format Version 12.00
# Visual Studio Version 17
VisualStudioVersion = 17.2.32616.157
MinimumVisualStudioVersion = 10.0.40219.1
Project("{9A19103F-16F7-4668-BE54-9A1E7A4F7556}") = "TomCheckley", "TomCheckley\TomCheckley.csproj", "{0FDE5A2E-88FE-4506-A2D4-3141C5479D0C}"
EndProject
Project("{2150E333-8FDC-42A3-9474-1A3956D46DE8}") = "Solution Items", "Solution Items", "{F5928552-8CB4-4368-A17B-9E9BC5F3D938}"
	ProjectSection(SolutionItems) = preProject
		.editorconfig = .editorconfig
		..\.gitignore = ..\.gitignore
		..\README.md = ..\README.md
	EndProjectSection
EndProject
Project("{FAE04EC0-301F-11D3-BF4B-00C04F79EFBC}") = "TomCheckley.Core", "TomCheckley.Core\TomCheckley.Core.csproj", "{22AF1FD3-AD41-46A6-B8E8-B083161E53B1}"
EndProject
Global
	GlobalSection(SolutionConfigurationPlatforms) = preSolution
		Debug|Any CPU = Debug|Any CPU
		Release|Any CPU = Release|Any CPU
	EndGlobalSection
	GlobalSection(ProjectConfigurationPlatforms) = postSolution
		{0FDE5A2E-88FE-4506-A2D4-3141C5479D0C}.Debug|Any CPU.ActiveCfg = Debug|Any CPU
		{0FDE5A2E-88FE-4506-A2D4-3141C5479D0C}.Debug|Any CPU.Build.0 = Debug|Any CPU
		{0FDE5A2E-88FE-4506-A2D4-3141C5479D0C}.Release|Any CPU.ActiveCfg = Release|Any CPU
		{0FDE5A2E-88FE-4506-A2D4-3141C5479D0C}.Release|Any CPU.Build.0 = Release|Any CPU
		{22AF1FD3-AD41-46A6-B8E8-B083161E53B1}.Debug|Any CPU.ActiveCfg = Debug|Any CPU
		{22AF1FD3-AD41-46A6-B8E8-B083161E53B1}.Debug|Any CPU.Build.0 = Debug|Any CPU
		{22AF1FD3-AD41-46A6-B8E8-B083161E53B1}.Release|Any CPU.ActiveCfg = Release|Any CPU
		{22AF1FD3-AD41-46A6-B8E8-B083161E53B1}.Release|Any CPU.Build.0 = Release|Any CPU
	EndGlobalSection
	GlobalSection(SolutionProperties) = preSolution
		HideSolutionNode = FALSE
	EndGlobalSection
	GlobalSection(ExtensibilityGlobals) = postSolution
		SolutionGuid = {C0EF3063-8C0E-4A74-AF5B-DD1909D54BD8}
	EndGlobalSection
EndGlobal
